
Microsoft Visual Studio Solution File, Format Version 12.00
# Visual Studio Version 17
VisualStudioVersion = 17.0.32014.148
MinimumVisualStudioVersion = 10.0.40219.1
Project("{FAE04EC0-301F-11D3-BF4B-00C04F79EFBC}") = "Exp_2.Android", "Exp_2.Android\Exp_2.Android.csproj", "{833EC969-862E-4A29-B021-963B39B85B2B}"
EndProject
Project("{FAE04EC0-301F-11D3-BF4B-00C04F79EFBC}") = "Exp_2", "Exp_2\Exp_2.csproj", "{EDF9D5CD-1FF6-4A43-9AE7-66F521AED6C9}"
EndProject
Global
	GlobalSection(SolutionConfigurationPlatforms) = preSolution
		Debug|Any CPU = Debug|Any CPU
		Release|Any CPU = Release|Any CPU
	EndGlobalSection
	GlobalSection(ProjectConfigurationPlatforms) = postSolution
		{833EC969-862E-4A29-B021-963B39B85B2B}.Debug|Any CPU.ActiveCfg = Debug|Any CPU
		{833EC969-862E-4A29-B021-963B39B85B2B}.Debug|Any CPU.Build.0 = Debug|Any CPU
		{833EC969-862E-4A29-B021-963B39B85B2B}.Debug|Any CPU.Deploy.0 = Debug|Any CPU
		{833EC969-862E-4A29-B021-963B39B85B2B}.Release|Any CPU.ActiveCfg = Release|Any CPU
		{833EC969-862E-4A29-B021-963B39B85B2B}.Release|Any CPU.Build.0 = Release|Any CPU
		{833EC969-862E-4A29-B021-963B39B85B2B}.Release|Any CPU.Deploy.0 = Release|Any CPU
		{EDF9D5CD-1FF6-4A43-9AE7-66F521AED6C9}.Debug|Any CPU.ActiveCfg = Debug|Any CPU
		{EDF9D5CD-1FF6-4A43-9AE7-66F521AED6C9}.Debug|Any CPU.Build.0 = Debug|Any CPU
		{EDF9D5CD-1FF6-4A43-9AE7-66F521AED6C9}.Debug|Any CPU.Deploy.0 = Debug|Any CPU
		{EDF9D5CD-1FF6-4A43-9AE7-66F521AED6C9}.Release|Any CPU.ActiveCfg = Release|Any CPU
		{EDF9D5CD-1FF6-4A43-9AE7-66F521AED6C9}.Release|Any CPU.Build.0 = Release|Any CPU
		{EDF9D5CD-1FF6-4A43-9AE7-66F521AED6C9}.Release|Any CPU.Deploy.0 = Release|Any CPU
	EndGlobalSection
	GlobalSection(SolutionProperties) = preSolution
		HideSolutionNode = FALSE
	EndGlobalSection
	GlobalSection(ExtensibilityGlobals) = postSolution
		SolutionGuid = {522F476E-2603-4932-ABC1-6DFAB454E1D0}
	EndGlobalSection
EndGlobal
